
Microsoft Visual Studio Solution File, Format Version 12.00
# Visual Studio Version 17
VisualStudioVersion = 17.9.34622.214
MinimumVisualStudioVersion = 10.0.40219.1
Project("{FAE04EC0-301F-11D3-BF4B-00C04F79EFBC}") = "PC.Chat.Server", "PC.Chat.Server\PC.Chat.Server.csproj", "{261324E3-B882-4387-B833-201517065B8B}"
EndProject
Global
	GlobalSection(SolutionConfigurationPlatforms) = preSolution
		Debug|Any CPU = Debug|Any CPU
		Release|Any CPU = Release|Any CPU
	EndGlobalSection
	GlobalSection(ProjectConfigurationPlatforms) = postSolution
		{261324E3-B882-4387-B833-201517065B8B}.Debug|Any CPU.ActiveCfg = Debug|Any CPU
		{261324E3-B882-4387-B833-201517065B8B}.Debug|Any CPU.Build.0 = Debug|Any CPU
		{261324E3-B882-4387-B833-201517065B8B}.Release|Any CPU.ActiveCfg = Release|Any CPU
		{261324E3-B882-4387-B833-201517065B8B}.Release|Any CPU.Build.0 = Release|Any CPU
	EndGlobalSection
	GlobalSection(SolutionProperties) = preSolution
		HideSolutionNode = FALSE
	EndGlobalSection
	GlobalSection(ExtensibilityGlobals) = postSolution
		SolutionGuid = {7D362098-4357-45B7-A80C-031DCC6A5AB5}
	EndGlobalSection
EndGlobal
